
Microsoft Visual Studio Solution File, Format Version 12.00
# Visual Studio 15
Project("{FAE04EC0-301F-11D3-BF4B-00C04F79EFBC}") = "Assembly-CSharp", "Assembly-CSharp.csproj", "{438C82E3-001A-2CBE-674D-1EA91F52E923}"
EndProject
Project("{FAE04EC0-301F-11D3-BF4B-00C04F79EFBC}") = "Assembly-CSharp-firstpass", "Assembly-CSharp-firstpass.csproj", "{FDCE15A1-D09E-22C5-2B86-E929AC828375}"
EndProject
Project("{FAE04EC0-301F-11D3-BF4B-00C04F79EFBC}") = "Assembly-CSharp-Editor-firstpass", "Assembly-CSharp-Editor-firstpass.csproj", "{FED0553C-4378-B86A-7A67-DD4D6C5EA521}"
EndProject
Global
	GlobalSection(SolutionConfigurationPlatforms) = preSolution
		Debug|Any CPU = Debug|Any CPU
		Release|Any CPU = Release|Any CPU
	EndGlobalSection
	GlobalSection(ProjectConfigurationPlatforms) = postSolution
		{438C82E3-001A-2CBE-674D-1EA91F52E923}.Debug|Any CPU.ActiveCfg = Debug|Any CPU
		{438C82E3-001A-2CBE-674D-1EA91F52E923}.Debug|Any CPU.Build.0 = Debug|Any CPU
		{438C82E3-001A-2CBE-674D-1EA91F52E923}.Release|Any CPU.ActiveCfg = Release|Any CPU
		{438C82E3-001A-2CBE-674D-1EA91F52E923}.Release|Any CPU.Build.0 = Release|Any CPU
		{FDCE15A1-D09E-22C5-2B86-E929AC828375}.Debug|Any CPU.ActiveCfg = Debug|Any CPU
		{FDCE15A1-D09E-22C5-2B86-E929AC828375}.Debug|Any CPU.Build.0 = Debug|Any CPU
		{FDCE15A1-D09E-22C5-2B86-E929AC828375}.Release|Any CPU.ActiveCfg = Release|Any CPU
		{FDCE15A1-D09E-22C5-2B86-E929AC828375}.Release|Any CPU.Build.0 = Release|Any CPU
		{FED0553C-4378-B86A-7A67-DD4D6C5EA521}.Debug|Any CPU.ActiveCfg = Debug|Any CPU
		{FED0553C-4378-B86A-7A67-DD4D6C5EA521}.Debug|Any CPU.Build.0 = Debug|Any CPU
		{FED0553C-4378-B86A-7A67-DD4D6C5EA521}.Release|Any CPU.ActiveCfg = Release|Any CPU
		{FED0553C-4378-B86A-7A67-DD4D6C5EA521}.Release|Any CPU.Build.0 = Release|Any CPU
	EndGlobalSection
	GlobalSection(SolutionProperties) = preSolution
		HideSolutionNode = FALSE
	EndGlobalSection
EndGlobal
